
Microsoft Visual Studio Solution File, Format Version 12.00
# Visual Studio Version 16
VisualStudioVersion = 16.0.28803.452
MinimumVisualStudioVersion = 10.0.40219.1
Project("{FAE04EC0-301F-11D3-BF4B-00C04F79EFBC}") = "Api", "Api\Api.csproj", "{0AE3747F-C20E-4289-B096-8C910D6CF252}"
EndProject
Project("{FAE04EC0-301F-11D3-BF4B-00C04F79EFBC}") = "Core", "Core\Core.csproj", "{EBBB14D8-81FB-40AD-A2EE-E8D2D52CA226}"
EndProject
Project("{FAE04EC0-301F-11D3-BF4B-00C04F79EFBC}") = "DataLayer", "DataLayer\DataLayer.csproj", "{566CD3C8-2966-4396-9C9A-D42FE88349F2}"
EndProject
Global
	GlobalSection(SolutionConfigurationPlatforms) = preSolution
		Debug|Any CPU = Debug|Any CPU
		Release|Any CPU = Release|Any CPU
	EndGlobalSection
	GlobalSection(ProjectConfigurationPlatforms) = postSolution
		{0AE3747F-C20E-4289-B096-8C910D6CF252}.Debug|Any CPU.ActiveCfg = Debug|Any CPU
		{0AE3747F-C20E-4289-B096-8C910D6CF252}.Debug|Any CPU.Build.0 = Debug|Any CPU
		{0AE3747F-C20E-4289-B096-8C910D6CF252}.Release|Any CPU.ActiveCfg = Release|Any CPU
		{0AE3747F-C20E-4289-B096-8C910D6CF252}.Release|Any CPU.Build.0 = Release|Any CPU
		{EBBB14D8-81FB-40AD-A2EE-E8D2D52CA226}.Debug|Any CPU.ActiveCfg = Debug|Any CPU
		{EBBB14D8-81FB-40AD-A2EE-E8D2D52CA226}.Debug|Any CPU.Build.0 = Debug|Any CPU
		{EBBB14D8-81FB-40AD-A2EE-E8D2D52CA226}.Release|Any CPU.ActiveCfg = Release|Any CPU
		{EBBB14D8-81FB-40AD-A2EE-E8D2D52CA226}.Release|Any CPU.Build.0 = Release|Any CPU
		{566CD3C8-2966-4396-9C9A-D42FE88349F2}.Debug|Any CPU.ActiveCfg = Debug|Any CPU
		{566CD3C8-2966-4396-9C9A-D42FE88349F2}.Debug|Any CPU.Build.0 = Debug|Any CPU
		{566CD3C8-2966-4396-9C9A-D42FE88349F2}.Release|Any CPU.ActiveCfg = Release|Any CPU
		{566CD3C8-2966-4396-9C9A-D42FE88349F2}.Release|Any CPU.Build.0 = Release|Any CPU
	EndGlobalSection
	GlobalSection(SolutionProperties) = preSolution
		HideSolutionNode = FALSE
	EndGlobalSection
	GlobalSection(ExtensibilityGlobals) = postSolution
		SolutionGuid = {C34656BF-FB10-43C2-BC39-981FBC87A063}
	EndGlobalSection
EndGlobal
